
Microsoft Visual Studio Solution File, Format Version 12.00
# Visual Studio Version 17
VisualStudioVersion = 17.4.33110.190
MinimumVisualStudioVersion = 10.0.40219.1
Project("{FAE04EC0-301F-11D3-BF4B-00C04F79EFBC}") = "IdentityAppSample", "IdentityAppSample\IdentityAppSample.csproj", "{43120055-E89E-494B-87FE-9E6F9EBBE019}"
EndProject
Global
	GlobalSection(SolutionConfigurationPlatforms) = preSolution
		Debug|Any CPU = Debug|Any CPU
		Release|Any CPU = Release|Any CPU
	EndGlobalSection
	GlobalSection(ProjectConfigurationPlatforms) = postSolution
		{43120055-E89E-494B-87FE-9E6F9EBBE019}.Debug|Any CPU.ActiveCfg = Debug|Any CPU
		{43120055-E89E-494B-87FE-9E6F9EBBE019}.Debug|Any CPU.Build.0 = Debug|Any CPU
		{43120055-E89E-494B-87FE-9E6F9EBBE019}.Release|Any CPU.ActiveCfg = Release|Any CPU
		{43120055-E89E-494B-87FE-9E6F9EBBE019}.Release|Any CPU.Build.0 = Release|Any CPU
	EndGlobalSection
	GlobalSection(SolutionProperties) = preSolution
		HideSolutionNode = FALSE
	EndGlobalSection
	GlobalSection(ExtensibilityGlobals) = postSolution
		SolutionGuid = {7DA3E4BC-2C76-4136-925B-CEB8626DA591}
	EndGlobalSection
EndGlobal
